
Microsoft Visual Studio Solution File, Format Version 12.00
# Visual Studio Version 16
VisualStudioVersion = 16.0.30523.141
MinimumVisualStudioVersion = 10.0.40219.1
Project("{9A19103F-16F7-4668-BE54-9A1E7A4F7556}") = "HelloWorldCore", "HelloWorldCore\HelloWorldCore.csproj", "{F3CFB11B-9C5D-4EC7-B9BB-04434519AD97}"
EndProject
Project("{9A19103F-16F7-4668-BE54-9A1E7A4F7556}") = "HelloWorldTests", "HelloWorldTests\HelloWorldTests.csproj", "{FB874C97-FCEB-4B0D-B8BA-2ED79EA696C6}"
EndProject
Project("{FAE04EC0-301F-11D3-BF4B-00C04F79EFBC}") = "HelloWorld.Tests", "HelloWorld.Tests\HelloWorld.Tests.csproj", "{E508BAE0-CB1D-4D75-8EA1-9B7EE41F367E}"
EndProject
Global
	GlobalSection(SolutionConfigurationPlatforms) = preSolution
		Debug|Any CPU = Debug|Any CPU
		Release|Any CPU = Release|Any CPU
	EndGlobalSection
	GlobalSection(ProjectConfigurationPlatforms) = postSolution
		{F3CFB11B-9C5D-4EC7-B9BB-04434519AD97}.Debug|Any CPU.ActiveCfg = Debug|Any CPU
		{F3CFB11B-9C5D-4EC7-B9BB-04434519AD97}.Debug|Any CPU.Build.0 = Debug|Any CPU
		{F3CFB11B-9C5D-4EC7-B9BB-04434519AD97}.Release|Any CPU.ActiveCfg = Release|Any CPU
		{F3CFB11B-9C5D-4EC7-B9BB-04434519AD97}.Release|Any CPU.Build.0 = Release|Any CPU
		{FB874C97-FCEB-4B0D-B8BA-2ED79EA696C6}.Debug|Any CPU.ActiveCfg = Debug|Any CPU
		{FB874C97-FCEB-4B0D-B8BA-2ED79EA696C6}.Debug|Any CPU.Build.0 = Debug|Any CPU
		{FB874C97-FCEB-4B0D-B8BA-2ED79EA696C6}.Release|Any CPU.ActiveCfg = Release|Any CPU
		{FB874C97-FCEB-4B0D-B8BA-2ED79EA696C6}.Release|Any CPU.Build.0 = Release|Any CPU
		{E508BAE0-CB1D-4D75-8EA1-9B7EE41F367E}.Debug|Any CPU.ActiveCfg = Debug|Any CPU
		{E508BAE0-CB1D-4D75-8EA1-9B7EE41F367E}.Debug|Any CPU.Build.0 = Debug|Any CPU
		{E508BAE0-CB1D-4D75-8EA1-9B7EE41F367E}.Release|Any CPU.ActiveCfg = Release|Any CPU
		{E508BAE0-CB1D-4D75-8EA1-9B7EE41F367E}.Release|Any CPU.Build.0 = Release|Any CPU
	EndGlobalSection
	GlobalSection(SolutionProperties) = preSolution
		HideSolutionNode = FALSE
	EndGlobalSection
	GlobalSection(ExtensibilityGlobals) = postSolution
		SolutionGuid = {66A5C36B-D251-412C-B92E-36367AAD3721}
	EndGlobalSection
EndGlobal
